
Microsoft Visual Studio Solution File, Format Version 12.00
# Visual Studio Version 17
VisualStudioVersion = 17.7.34031.279
MinimumVisualStudioVersion = 10.0.40219.1
Project("{FAE04EC0-301F-11D3-BF4B-00C04F79EFBC}") = "TestApp", "TestApp\TestApp.csproj", "{50DCCA3B-EEB6-45AA-BDE8-C7185A06DB3B}"
EndProject
Global
	GlobalSection(SolutionConfigurationPlatforms) = preSolution
		Debug|Any CPU = Debug|Any CPU
		Release|Any CPU = Release|Any CPU
	EndGlobalSection
	GlobalSection(ProjectConfigurationPlatforms) = postSolution
		{50DCCA3B-EEB6-45AA-BDE8-C7185A06DB3B}.Debug|Any CPU.ActiveCfg = Debug|Any CPU
		{50DCCA3B-EEB6-45AA-BDE8-C7185A06DB3B}.Debug|Any CPU.Build.0 = Debug|Any CPU
		{50DCCA3B-EEB6-45AA-BDE8-C7185A06DB3B}.Release|Any CPU.ActiveCfg = Release|Any CPU
		{50DCCA3B-EEB6-45AA-BDE8-C7185A06DB3B}.Release|Any CPU.Build.0 = Release|Any CPU
	EndGlobalSection
	GlobalSection(SolutionProperties) = preSolution
		HideSolutionNode = FALSE
	EndGlobalSection
	GlobalSection(ExtensibilityGlobals) = postSolution
		SolutionGuid = {587B81DD-706D-4837-A6A1-121DB4065C8B}
	EndGlobalSection
EndGlobal
